
Microsoft Visual Studio Solution File, Format Version 12.00
# Visual Studio Version 17
VisualStudioVersion = 17.2.32516.85
MinimumVisualStudioVersion = 10.0.40219.1
Project("{FAE04EC0-301F-11D3-BF4B-00C04F79EFBC}") = "Fun_with_morse_code", "Fun_with_morse_code.csproj", "{02DAD34F-5ED2-4EC8-93CC-80898B67EA68}"
EndProject
Global
	GlobalSection(SolutionConfigurationPlatforms) = preSolution
		Debug|Any CPU = Debug|Any CPU
		Release|Any CPU = Release|Any CPU
	EndGlobalSection
	GlobalSection(ProjectConfigurationPlatforms) = postSolution
		{02DAD34F-5ED2-4EC8-93CC-80898B67EA68}.Debug|Any CPU.ActiveCfg = Debug|Any CPU
		{02DAD34F-5ED2-4EC8-93CC-80898B67EA68}.Debug|Any CPU.Build.0 = Debug|Any CPU
		{02DAD34F-5ED2-4EC8-93CC-80898B67EA68}.Release|Any CPU.ActiveCfg = Release|Any CPU
		{02DAD34F-5ED2-4EC8-93CC-80898B67EA68}.Release|Any CPU.Build.0 = Release|Any CPU
	EndGlobalSection
	GlobalSection(SolutionProperties) = preSolution
		HideSolutionNode = FALSE
	EndGlobalSection
	GlobalSection(ExtensibilityGlobals) = postSolution
		SolutionGuid = {19C3E32B-9407-478D-A4A1-24F281EFB78C}
	EndGlobalSection
EndGlobal
